
Microsoft Visual Studio Solution File, Format Version 12.00
# Visual Studio Version 17
VisualStudioVersion = 17.4.33122.133
MinimumVisualStudioVersion = 10.0.40219.1
Project("{FAE04EC0-301F-11D3-BF4B-00C04F79EFBC}") = "ForLoop3", "ForLoop3.csproj", "{BBD5EC5D-8FBA-4B67-BF7B-406689212223}"
EndProject
Global
	GlobalSection(SolutionConfigurationPlatforms) = preSolution
		Debug|Any CPU = Debug|Any CPU
		Release|Any CPU = Release|Any CPU
	EndGlobalSection
	GlobalSection(ProjectConfigurationPlatforms) = postSolution
		{BBD5EC5D-8FBA-4B67-BF7B-406689212223}.Debug|Any CPU.ActiveCfg = Debug|Any CPU
		{BBD5EC5D-8FBA-4B67-BF7B-406689212223}.Debug|Any CPU.Build.0 = Debug|Any CPU
		{BBD5EC5D-8FBA-4B67-BF7B-406689212223}.Release|Any CPU.ActiveCfg = Release|Any CPU
		{BBD5EC5D-8FBA-4B67-BF7B-406689212223}.Release|Any CPU.Build.0 = Release|Any CPU
	EndGlobalSection
	GlobalSection(SolutionProperties) = preSolution
		HideSolutionNode = FALSE
	EndGlobalSection
	GlobalSection(ExtensibilityGlobals) = postSolution
		SolutionGuid = {AEA0D155-7877-45C4-AF2A-3D04F5D3F124}
	EndGlobalSection
EndGlobal
