
Microsoft Visual Studio Solution File, Format Version 12.00
# Visual Studio Version 17
VisualStudioVersion = 17.4.33122.133
MinimumVisualStudioVersion = 10.0.40219.1
Project("{FAE04EC0-301F-11D3-BF4B-00C04F79EFBC}") = "Masiiv1", "Masiiv1.csproj", "{12804BEE-9D71-4767-B90B-ACFCB23A1E50}"
EndProject
Global
	GlobalSection(SolutionConfigurationPlatforms) = preSolution
		Debug|Any CPU = Debug|Any CPU
		Release|Any CPU = Release|Any CPU
	EndGlobalSection
	GlobalSection(ProjectConfigurationPlatforms) = postSolution
		{12804BEE-9D71-4767-B90B-ACFCB23A1E50}.Debug|Any CPU.ActiveCfg = Debug|Any CPU
		{12804BEE-9D71-4767-B90B-ACFCB23A1E50}.Debug|Any CPU.Build.0 = Debug|Any CPU
		{12804BEE-9D71-4767-B90B-ACFCB23A1E50}.Release|Any CPU.ActiveCfg = Release|Any CPU
		{12804BEE-9D71-4767-B90B-ACFCB23A1E50}.Release|Any CPU.Build.0 = Release|Any CPU
	EndGlobalSection
	GlobalSection(SolutionProperties) = preSolution
		HideSolutionNode = FALSE
	EndGlobalSection
	GlobalSection(ExtensibilityGlobals) = postSolution
		SolutionGuid = {5B0BD584-D369-4595-8236-77CD47FA4FC8}
	EndGlobalSection
EndGlobal
