
Microsoft Visual Studio Solution File, Format Version 12.00
# Visual Studio Version 17
VisualStudioVersion = 17.4.33122.133
MinimumVisualStudioVersion = 10.0.40219.1
Project("{FAE04EC0-301F-11D3-BF4B-00C04F79EFBC}") = "While3", "While3.csproj", "{DCBFDBE4-A50E-4867-ACA9-9721F4F98406}"
EndProject
Global
	GlobalSection(SolutionConfigurationPlatforms) = preSolution
		Debug|Any CPU = Debug|Any CPU
		Release|Any CPU = Release|Any CPU
	EndGlobalSection
	GlobalSection(ProjectConfigurationPlatforms) = postSolution
		{DCBFDBE4-A50E-4867-ACA9-9721F4F98406}.Debug|Any CPU.ActiveCfg = Debug|Any CPU
		{DCBFDBE4-A50E-4867-ACA9-9721F4F98406}.Debug|Any CPU.Build.0 = Debug|Any CPU
		{DCBFDBE4-A50E-4867-ACA9-9721F4F98406}.Release|Any CPU.ActiveCfg = Release|Any CPU
		{DCBFDBE4-A50E-4867-ACA9-9721F4F98406}.Release|Any CPU.Build.0 = Release|Any CPU
	EndGlobalSection
	GlobalSection(SolutionProperties) = preSolution
		HideSolutionNode = FALSE
	EndGlobalSection
	GlobalSection(ExtensibilityGlobals) = postSolution
		SolutionGuid = {637CFDC4-F90B-4F12-9936-6A8E5397D1B0}
	EndGlobalSection
EndGlobal
