
Microsoft Visual Studio Solution File, Format Version 12.00
# Visual Studio Version 17
VisualStudioVersion = 17.4.33122.133
MinimumVisualStudioVersion = 10.0.40219.1
Project("{FAE04EC0-301F-11D3-BF4B-00C04F79EFBC}") = "SalaryCalculator", "SalaryCalculator.csproj", "{CADB4011-4A5C-4C2B-81BC-4FCF021CD790}"
EndProject
Global
	GlobalSection(SolutionConfigurationPlatforms) = preSolution
		Debug|Any CPU = Debug|Any CPU
		Release|Any CPU = Release|Any CPU
	EndGlobalSection
	GlobalSection(ProjectConfigurationPlatforms) = postSolution
		{CADB4011-4A5C-4C2B-81BC-4FCF021CD790}.Debug|Any CPU.ActiveCfg = Debug|Any CPU
		{CADB4011-4A5C-4C2B-81BC-4FCF021CD790}.Debug|Any CPU.Build.0 = Debug|Any CPU
		{CADB4011-4A5C-4C2B-81BC-4FCF021CD790}.Release|Any CPU.ActiveCfg = Release|Any CPU
		{CADB4011-4A5C-4C2B-81BC-4FCF021CD790}.Release|Any CPU.Build.0 = Release|Any CPU
	EndGlobalSection
	GlobalSection(SolutionProperties) = preSolution
		HideSolutionNode = FALSE
	EndGlobalSection
	GlobalSection(ExtensibilityGlobals) = postSolution
		SolutionGuid = {F4B77724-86C7-462F-84F6-2C66FA60B0E3}
	EndGlobalSection
EndGlobal
