
Microsoft Visual Studio Solution File, Format Version 12.00
# Visual Studio Version 17
VisualStudioVersion = 17.4.33122.133
MinimumVisualStudioVersion = 10.0.40219.1
Project("{FAE04EC0-301F-11D3-BF4B-00C04F79EFBC}") = "ForLoop1", "ForLoop1.csproj", "{A3735233-7FBD-4B58-A143-06C00FB616A3}"
EndProject
Global
	GlobalSection(SolutionConfigurationPlatforms) = preSolution
		Debug|Any CPU = Debug|Any CPU
		Release|Any CPU = Release|Any CPU
	EndGlobalSection
	GlobalSection(ProjectConfigurationPlatforms) = postSolution
		{A3735233-7FBD-4B58-A143-06C00FB616A3}.Debug|Any CPU.ActiveCfg = Debug|Any CPU
		{A3735233-7FBD-4B58-A143-06C00FB616A3}.Debug|Any CPU.Build.0 = Debug|Any CPU
		{A3735233-7FBD-4B58-A143-06C00FB616A3}.Release|Any CPU.ActiveCfg = Release|Any CPU
		{A3735233-7FBD-4B58-A143-06C00FB616A3}.Release|Any CPU.Build.0 = Release|Any CPU
	EndGlobalSection
	GlobalSection(SolutionProperties) = preSolution
		HideSolutionNode = FALSE
	EndGlobalSection
	GlobalSection(ExtensibilityGlobals) = postSolution
		SolutionGuid = {64373C29-D41F-48A8-8EC6-0643AF1129DA}
	EndGlobalSection
EndGlobal
