
Microsoft Visual Studio Solution File, Format Version 12.00
# Visual Studio Version 17
VisualStudioVersion = 17.4.33122.133
MinimumVisualStudioVersion = 10.0.40219.1
Project("{FAE04EC0-301F-11D3-BF4B-00C04F79EFBC}") = "Ruut", "Ruut.csproj", "{6343A48E-5D4B-4542-AF6C-53CA2AA01213}"
EndProject
Global
	GlobalSection(SolutionConfigurationPlatforms) = preSolution
		Debug|Any CPU = Debug|Any CPU
		Release|Any CPU = Release|Any CPU
	EndGlobalSection
	GlobalSection(ProjectConfigurationPlatforms) = postSolution
		{6343A48E-5D4B-4542-AF6C-53CA2AA01213}.Debug|Any CPU.ActiveCfg = Debug|Any CPU
		{6343A48E-5D4B-4542-AF6C-53CA2AA01213}.Debug|Any CPU.Build.0 = Debug|Any CPU
		{6343A48E-5D4B-4542-AF6C-53CA2AA01213}.Release|Any CPU.ActiveCfg = Release|Any CPU
		{6343A48E-5D4B-4542-AF6C-53CA2AA01213}.Release|Any CPU.Build.0 = Release|Any CPU
	EndGlobalSection
	GlobalSection(SolutionProperties) = preSolution
		HideSolutionNode = FALSE
	EndGlobalSection
	GlobalSection(ExtensibilityGlobals) = postSolution
		SolutionGuid = {542F1B7E-9B50-41FC-9B29-D5B214F7915B}
	EndGlobalSection
EndGlobal
