
Microsoft Visual Studio Solution File, Format Version 12.00
# Visual Studio Version 17
VisualStudioVersion = 17.4.33122.133
MinimumVisualStudioVersion = 10.0.40219.1
Project("{FAE04EC0-301F-11D3-BF4B-00C04F79EFBC}") = "TekstiMuutmine", "TekstiMuutmine.csproj", "{A489EAB1-E9F8-4B98-9CDC-29FCB09BF30A}"
EndProject
Global
	GlobalSection(SolutionConfigurationPlatforms) = preSolution
		Debug|Any CPU = Debug|Any CPU
		Release|Any CPU = Release|Any CPU
	EndGlobalSection
	GlobalSection(ProjectConfigurationPlatforms) = postSolution
		{A489EAB1-E9F8-4B98-9CDC-29FCB09BF30A}.Debug|Any CPU.ActiveCfg = Debug|Any CPU
		{A489EAB1-E9F8-4B98-9CDC-29FCB09BF30A}.Debug|Any CPU.Build.0 = Debug|Any CPU
		{A489EAB1-E9F8-4B98-9CDC-29FCB09BF30A}.Release|Any CPU.ActiveCfg = Release|Any CPU
		{A489EAB1-E9F8-4B98-9CDC-29FCB09BF30A}.Release|Any CPU.Build.0 = Release|Any CPU
	EndGlobalSection
	GlobalSection(SolutionProperties) = preSolution
		HideSolutionNode = FALSE
	EndGlobalSection
	GlobalSection(ExtensibilityGlobals) = postSolution
		SolutionGuid = {991423B8-C26E-4C11-A033-562FE5A8F746}
	EndGlobalSection
EndGlobal
