
Microsoft Visual Studio Solution File, Format Version 12.00
# Visual Studio Version 17
VisualStudioVersion = 17.4.33122.133
MinimumVisualStudioVersion = 10.0.40219.1
Project("{FAE04EC0-301F-11D3-BF4B-00C04F79EFBC}") = "WhileDo1", "WhileDo1.csproj", "{02CB6E23-3976-4A71-8BC8-6494C90EFB49}"
EndProject
Global
	GlobalSection(SolutionConfigurationPlatforms) = preSolution
		Debug|Any CPU = Debug|Any CPU
		Release|Any CPU = Release|Any CPU
	EndGlobalSection
	GlobalSection(ProjectConfigurationPlatforms) = postSolution
		{02CB6E23-3976-4A71-8BC8-6494C90EFB49}.Debug|Any CPU.ActiveCfg = Debug|Any CPU
		{02CB6E23-3976-4A71-8BC8-6494C90EFB49}.Debug|Any CPU.Build.0 = Debug|Any CPU
		{02CB6E23-3976-4A71-8BC8-6494C90EFB49}.Release|Any CPU.ActiveCfg = Release|Any CPU
		{02CB6E23-3976-4A71-8BC8-6494C90EFB49}.Release|Any CPU.Build.0 = Release|Any CPU
	EndGlobalSection
	GlobalSection(SolutionProperties) = preSolution
		HideSolutionNode = FALSE
	EndGlobalSection
	GlobalSection(ExtensibilityGlobals) = postSolution
		SolutionGuid = {49E23B10-79B8-489D-9FB7-C56D388C7A3F}
	EndGlobalSection
EndGlobal
